<?xml version="1.0" encoding="utf-8"?>
<Project ToolsVersion="4.0" xmlns="http://schemas.microsoft.com/developer/msbuild/2003">
  <ItemGroup>
    <Filter Include="Source Files">
      <UniqueIdentifier>{4FC737F1-C7A5-4376-A066-2A32D752A2FF}</UniqueIdentifier>
      <Extensions>cpp;c;cc;cxx;def;odl;idl;hpj;bat;asm;asmx</Extensions>
    </Filter>
    <Filter Include="Header Files">
      <UniqueIdentifier>{93995380-89BD-4b04-88EB-625FBE52EBFB}</UniqueIdentifier>
      <Extensions>h;hh;hpp;hxx;hm;inl;inc;ipp;xsd</Extensions>
    </Filter>
    <Filter Include="Resource Files">
      <UniqueIdentifier>{67DA6AB6-F800-4c08-8B7A-83BB121AAD01}</UniqueIdentifier>
      <Extensions>rc;ico;cur;bmp;dlg;rc2;rct;bin;rgs;gif;jpg;jpeg;jpe;resx;tiff;tif;png;wav;mfcribbon-ms</Extensions>
    </Filter>
  </ItemGroup>
  <ItemGroup>
    <ClCompile Include="GameBoyEmulator.cpp">
      <Filter>Source Files</Filter>
    </ClCompile>
    <ClCompile Include="CPU\CPU.cpp">
      <Filter>Source Files</Filter>
    </ClCompile>
    <ClCompile Include="IO\InterruptHandler.cpp">
      <Filter>Source Files</Filter>
    </ClCompile>
    <ClCompile Include="IO\Joypad.cpp">
      <Filter>Source Files</Filter>
    </ClCompile>
    <ClCompile Include="IO\Serial.cpp">
      <Filter>Source Files</Filter>
    </ClCompile>
    <ClCompile Include="IO\Timer.cpp">
      <Filter>Source Files</Filter>
    </ClCompile>
    <ClCompile Include="Memory\Cartridge.cpp">
      <Filter>Source Files</Filter>
    </ClCompile>
    <ClCompile Include="Memory\HRAM.cpp">
      <Filter>Source Files</Filter>
    </ClCompile>
    <ClCompile Include="Memory\MBC\MBC.cpp">
      <Filter>Source Files</Filter>
    </ClCompile>
    <ClCompile Include="Memory\MBC\MBCS\MBC0\MBC0.cpp">
      <Filter>Source Files</Filter>
    </ClCompile>
    <ClCompile Include="Memory\MBC\MBCS\MBC1\MBC1.cpp">
      <Filter>Source Files</Filter>
    </ClCompile>
    <ClCompile Include="Memory\MBC\MBCS\MBC3\MBC3.cpp">
      <Filter>Source Files</Filter>
    </ClCompile>
    <ClCompile Include="Memory\MBC\MBCS\MBC5\MBC5.cpp">
      <Filter>Source Files</Filter>
    </ClCompile>
    <ClCompile Include="Memory\MMU.cpp">
      <Filter>Source Files</Filter>
    </ClCompile>
    <ClCompile Include="Memory\WRAM.cpp">
      <Filter>Source Files</Filter>
    </ClCompile>
    <ClCompile Include="Pipeline\LCDC.cpp">
      <Filter>Source Files</Filter>
    </ClCompile>
    <ClCompile Include="Pipeline\OAM.cpp">
      <Filter>Source Files</Filter>
    </ClCompile>
    <ClCompile Include="Pipeline\PPU.cpp">
      <Filter>Source Files</Filter>
    </ClCompile>
    <ClCompile Include="Pipeline\VRAM.cpp">
      <Filter>Source Files</Filter>
    </ClCompile>
    <ClCompile Include="APU\APU.cpp">
      <Filter>Source Files</Filter>
    </ClCompile>
    <ClCompile Include="..\libs\imgui-1.91.3\backends\imgui_impl_opengl3.cpp">
      <Filter>Source Files</Filter>
    </ClCompile>
    <ClCompile Include="..\libs\imgui-1.91.3\backends\imgui_impl_sdl2.cpp">
      <Filter>Source Files</Filter>
    </ClCompile>
    <ClCompile Include="..\libs\imgui-1.91.3\backends\imgui_impl_sdlrenderer2.cpp">
      <Filter>Source Files</Filter>
    </ClCompile>
    <ClCompile Include="..\libs\imgui-1.91.3\imgui.cpp">
      <Filter>Source Files</Filter>
    </ClCompile>
    <ClCompile Include="..\libs\imgui-1.91.3\imgui_demo.cpp">
      <Filter>Source Files</Filter>
    </ClCompile>
    <ClCompile Include="..\libs\imgui-1.91.3\imgui_draw.cpp">
      <Filter>Source Files</Filter>
    </ClCompile>
    <ClCompile Include="..\libs\imgui-1.91.3\imgui_tables.cpp">
      <Filter>Source Files</Filter>
    </ClCompile>
    <ClCompile Include="..\libs\imgui-1.91.3\imgui_widgets.cpp">
      <Filter>Source Files</Filter>
    </ClCompile>
  </ItemGroup>
  <ItemGroup>
    <ClInclude Include="CPU\CPU.h">
      <Filter>Header Files</Filter>
    </ClInclude>
    <ClInclude Include="IO\InterrupHandler.h">
      <Filter>Header Files</Filter>
    </ClInclude>
    <ClInclude Include="IO\Joypad.h">
      <Filter>Header Files</Filter>
    </ClInclude>
    <ClInclude Include="IO\Serial.h">
      <Filter>Header Files</Filter>
    </ClInclude>
    <ClInclude Include="IO\Timer.h">
      <Filter>Header Files</Filter>
    </ClInclude>
    <ClInclude Include="Memory\Cartridge.h">
      <Filter>Header Files</Filter>
    </ClInclude>
    <ClInclude Include="Memory\enums\CartridgeTypes.h">
      <Filter>Header Files</Filter>
    </ClInclude>
    <ClInclude Include="Memory\HRAM.h">
      <Filter>Header Files</Filter>
    </ClInclude>
    <ClInclude Include="Memory\MBC\MBC.h">
      <Filter>Header Files</Filter>
    </ClInclude>
    <ClInclude Include="Memory\MBC\MBCS\MBC0\MBC0.h">
      <Filter>Header Files</Filter>
    </ClInclude>
    <ClInclude Include="Memory\MBC\MBCS\MBC1\MBC1.h">
      <Filter>Header Files</Filter>
    </ClInclude>
    <ClInclude Include="Memory\MBC\MBCS\MBC3\MBC3.h">
      <Filter>Header Files</Filter>
    </ClInclude>
    <ClInclude Include="Memory\MBC\MBCS\MBC5\MBD5.h">
      <Filter>Header Files</Filter>
    </ClInclude>
    <ClInclude Include="Memory\MMU.h">
      <Filter>Header Files</Filter>
    </ClInclude>
    <ClInclude Include="Memory\WRAM.h">
      <Filter>Header Files</Filter>
    </ClInclude>
    <ClInclude Include="Pipeline\LCDC.h">
      <Filter>Header Files</Filter>
    </ClInclude>
    <ClInclude Include="Pipeline\OAM.h">
      <Filter>Header Files</Filter>
    </ClInclude>
    <ClInclude Include="Pipeline\PPU.h">
      <Filter>Header Files</Filter>
    </ClInclude>
    <ClInclude Include="Pipeline\VRAM.h">
      <Filter>Header Files</Filter>
    </ClInclude>
    <ClInclude Include="APU\Channels\NoiseChanel.h">
      <Filter>Header Files</Filter>
    </ClInclude>
    <ClInclude Include="APU\Channels\PulseChannel.h">
      <Filter>Header Files</Filter>
    </ClInclude>
    <ClInclude Include="APU\APU.h">
      <Filter>Header Files</Filter>
    </ClInclude>
    <ClInclude Include="APU\Channels\WaveChannel.h">
      <Filter>Header Files</Filter>
    </ClInclude>
    <ClInclude Include="Utility\Bitwise.h">
      <Filter>Header Files</Filter>
    </ClInclude>
    <ClInclude Include="..\libs\imgui-1.91.3\backends\imgui_impl_opengl3.h">
      <Filter>Header Files</Filter>
    </ClInclude>
    <ClInclude Include="..\libs\imgui-1.91.3\backends\imgui_impl_opengl3_loader.h">
      <Filter>Header Files</Filter>
    </ClInclude>
    <ClInclude Include="..\libs\imgui-1.91.3\backends\imgui_impl_sdl2.h">
      <Filter>Header Files</Filter>
    </ClInclude>
    <ClInclude Include="..\libs\imgui-1.91.3\backends\imgui_impl_sdlrenderer2.h">
      <Filter>Header Files</Filter>
    </ClInclude>
    <ClInclude Include="..\libs\imgui-1.91.3\imconfig.h">
      <Filter>Header Files</Filter>
    </ClInclude>
    <ClInclude Include="..\libs\imgui-1.91.3\imgui.h">
      <Filter>Header Files</Filter>
    </ClInclude>
    <ClInclude Include="..\libs\imgui-1.91.3\imgui_internal.h">
      <Filter>Header Files</Filter>
    </ClInclude>
    <ClInclude Include="..\libs\imgui-1.91.3\imstb_rectpack.h">
      <Filter>Header Files</Filter>
    </ClInclude>
    <ClInclude Include="..\libs\imgui-1.91.3\imstb_textedit.h">
      <Filter>Header Files</Filter>
    </ClInclude>
    <ClInclude Include="..\libs\imgui-1.91.3\imstb_truetype.h">
      <Filter>Header Files</Filter>
    </ClInclude>
  </ItemGroup>
</Project>